// !$*UTF8*$!
{
	archiveVersion = 1;
	classes = {
	};
	objectVersion = 56;
	objects = {

/* Begin PBXBuildFile section */
		D106F6DE2C0989E300756905 /* AppDelegate.swift in Sources */ = {isa = PBXBuildFile; fileRef = D106F6DD2C0989E300756905 /* AppDelegate.swift */; };
		D106F6E72C0989E500756905 /* Assets.xcassets in Resources */ = {isa = PBXBuildFile; fileRef = D106F6E62C0989E400756905 /* Assets.xcassets */; };
		D106F6EA2C0989E500756905 /* Base in Resources */ = {isa = PBXBuildFile; fileRef = D106F6E92C0989E500756905 /* Base */; };
		D106F6FA2C098B2600756905 /* TabBarController.swift in Sources */ = {isa = PBXBuildFile; fileRef = D106F6F92C098B2600756905 /* TabBarController.swift */; };
		D106F6FC2C098B4900756905 /* MainCoordinator.swift in Sources */ = {isa = PBXBuildFile; fileRef = D106F6FB2C098B4900756905 /* MainCoordinator.swift */; };
		D106F6FE2C098B5A00756905 /* ReviewCoordinator.swift in Sources */ = {isa = PBXBuildFile; fileRef = D106F6FD2C098B5A00756905 /* ReviewCoordinator.swift */; };
		D106F7002C098B6000756905 /* MapCoordinator.swift in Sources */ = {isa = PBXBuildFile; fileRef = D106F6FF2C098B6000756905 /* MapCoordinator.swift */; };
		D106F7022C098B6600756905 /* ProfileCoordinator.swift in Sources */ = {isa = PBXBuildFile; fileRef = D106F7012C098B6600756905 /* ProfileCoordinator.swift */; };
		D106F7052C098B8800756905 /* Coordinator.swift in Sources */ = {isa = PBXBuildFile; fileRef = D106F7042C098B8800756905 /* Coordinator.swift */; };
		D106F70A2C098C8800756905 /* Haptica in Frameworks */ = {isa = PBXBuildFile; productRef = D106F7092C098C8800756905 /* Haptica */; };
		D106F70C2C098CD300756905 /* UIColor.swift in Sources */ = {isa = PBXBuildFile; fileRef = D106F70B2C098CD300756905 /* UIColor.swift */; };
		D106F70E2C098CDB00756905 /* UIImage.swift in Sources */ = {isa = PBXBuildFile; fileRef = D106F70D2C098CDB00756905 /* UIImage.swift */; };
		D106F7112C098CEE00756905 /* AssetsImage.swift in Sources */ = {isa = PBXBuildFile; fileRef = D106F7102C098CEE00756905 /* AssetsImage.swift */; };
		D106F7132C098CF300756905 /* AssetsColor.swift in Sources */ = {isa = PBXBuildFile; fileRef = D106F7122C098CF300756905 /* AssetsColor.swift */; };
		D106F7152C098E8100756905 /* LaunchScreenViewController.swift in Sources */ = {isa = PBXBuildFile; fileRef = D106F7142C098E8100756905 /* LaunchScreenViewController.swift */; };
		D106F7192C098E9F00756905 /* LaunchScreenView.swift in Sources */ = {isa = PBXBuildFile; fileRef = D106F7182C098E9F00756905 /* LaunchScreenView.swift */; };
		D106F71B2C098EA300756905 /* LaunchScreenView.xib in Resources */ = {isa = PBXBuildFile; fileRef = D106F71A2C098EA300756905 /* LaunchScreenView.xib */; };
		D106F71D2C098EFA00756905 /* CustomView.swift in Sources */ = {isa = PBXBuildFile; fileRef = D106F71C2C098EFA00756905 /* CustomView.swift */; };
		D106F71F2C098F5500756905 /* ViewSpecificController.swift in Sources */ = {isa = PBXBuildFile; fileRef = D106F71E2C098F5500756905 /* ViewSpecificController.swift */; };
		D106F7212C098F6D00756905 /* UIView.swift in Sources */ = {isa = PBXBuildFile; fileRef = D106F7202C098F6D00756905 /* UIView.swift */; };
		D106F7232C098FAB00756905 /* ReusableView.swift in Sources */ = {isa = PBXBuildFile; fileRef = D106F7222C098FAB00756905 /* ReusableView.swift */; };
		D106F7252C09904400756905 /* UINavigationBar.swift in Sources */ = {isa = PBXBuildFile; fileRef = D106F7242C09904400756905 /* UINavigationBar.swift */; };
		D106F7272C09908E00756905 /* UIViewController.swift in Sources */ = {isa = PBXBuildFile; fileRef = D106F7262C09908E00756905 /* UIViewController.swift */; };
		D106F7292C0992E400756905 /* UITabBarItem.swift in Sources */ = {isa = PBXBuildFile; fileRef = D106F7282C0992E400756905 /* UITabBarItem.swift */; };
		D106F72C2C09930200756905 /* SDWebImage in Frameworks */ = {isa = PBXBuildFile; productRef = D106F72B2C09930200756905 /* SDWebImage */; };
		D106F72E2C09933A00756905 /* UIImageView.swift in Sources */ = {isa = PBXBuildFile; fileRef = D106F72D2C09933A00756905 /* UIImageView.swift */; };
		D106F7302C09936600756905 /* HighlightButton.swift in Sources */ = {isa = PBXBuildFile; fileRef = D106F72F2C09936600756905 /* HighlightButton.swift */; };
		D106F7332C0993E700756905 /* SwiftMessages in Frameworks */ = {isa = PBXBuildFile; productRef = D106F7322C0993E700756905 /* SwiftMessages */; };
		D106F7352C0993F000756905 /* AlertViewController.swift in Sources */ = {isa = PBXBuildFile; fileRef = D106F7342C0993F000756905 /* AlertViewController.swift */; };
		D106F7372C09948F00756905 /* String.swift in Sources */ = {isa = PBXBuildFile; fileRef = D106F7362C09948F00756905 /* String.swift */; };
		D106F73D2C0998B400756905 /* ConfirmCodeViewController.swift in Sources */ = {isa = PBXBuildFile; fileRef = D106F73C2C0998B400756905 /* ConfirmCodeViewController.swift */; };
		D106F73F2C0998B900756905 /* ConfirmCodeView.swift in Sources */ = {isa = PBXBuildFile; fileRef = D106F73E2C0998B900756905 /* ConfirmCodeView.swift */; };
		D106F7412C0998BD00756905 /* ConfirmCodeView.xib in Resources */ = {isa = PBXBuildFile; fileRef = D106F7402C0998BD00756905 /* ConfirmCodeView.xib */; };
		D10D6B682C099C8D00A44612 /* IQKeyboardManagerSwift in Frameworks */ = {isa = PBXBuildFile; productRef = D10D6B672C099C8D00A44612 /* IQKeyboardManagerSwift */; };
		D10D6B6B2C099C9D00A44612 /* KAPinField in Frameworks */ = {isa = PBXBuildFile; productRef = D10D6B6A2C099C9D00A44612 /* KAPinField */; };
		D10D6B6D2C099D7000A44612 /* OTPFieldView.swift in Sources */ = {isa = PBXBuildFile; fileRef = D10D6B6C2C099D7000A44612 /* OTPFieldView.swift */; };
		D10D6B6F2C099D9300A44612 /* OTPTextField.swift in Sources */ = {isa = PBXBuildFile; fileRef = D10D6B6E2C099D9300A44612 /* OTPTextField.swift */; };
		D10D6B742C09A26A00A44612 /* MainView.swift in Sources */ = {isa = PBXBuildFile; fileRef = D10D6B732C09A26A00A44612 /* MainView.swift */; };
		D10D6B762C09A27100A44612 /* MainViewController.swift in Sources */ = {isa = PBXBuildFile; fileRef = D10D6B752C09A27100A44612 /* MainViewController.swift */; };
		D10D6B782C09A27400A44612 /* MainView.xib in Resources */ = {isa = PBXBuildFile; fileRef = D10D6B772C09A27400A44612 /* MainView.xib */; };
		D10D6B7C2C09A2E200A44612 /* KafeTableViewCell.swift in Sources */ = {isa = PBXBuildFile; fileRef = D10D6B7B2C09A2E200A44612 /* KafeTableViewCell.swift */; };
		D10D6B7E2C09A2E600A44612 /* KafeTableViewCell.xib in Resources */ = {isa = PBXBuildFile; fileRef = D10D6B7D2C09A2E600A44612 /* KafeTableViewCell.xib */; };
		D10D6B802C09A2F600A44612 /* CustomTableViewCell.swift in Sources */ = {isa = PBXBuildFile; fileRef = D10D6B7F2C09A2F600A44612 /* CustomTableViewCell.swift */; };
		D10D6B832C09A45000A44612 /* MainDataProvider.swift in Sources */ = {isa = PBXBuildFile; fileRef = D10D6B822C09A45000A44612 /* MainDataProvider.swift */; };
		D10D6B862C09A51F00A44612 /* KafeModel.swift in Sources */ = {isa = PBXBuildFile; fileRef = D10D6B852C09A51F00A44612 /* KafeModel.swift */; };
		D1C044682C09B90100B30376 /* ReviewDataProvider.swift in Sources */ = {isa = PBXBuildFile; fileRef = D1C044672C09B90100B30376 /* ReviewDataProvider.swift */; };
		D1C0446A2C09B90800B30376 /* ReviewViewController.swift in Sources */ = {isa = PBXBuildFile; fileRef = D1C044692C09B90800B30376 /* ReviewViewController.swift */; };
		D1C0446C2C09B90B00B30376 /* ReviewView.swift in Sources */ = {isa = PBXBuildFile; fileRef = D1C0446B2C09B90B00B30376 /* ReviewView.swift */; };
		D1C0446E2C09B91800B30376 /* ReviewView.xib in Resources */ = {isa = PBXBuildFile; fileRef = D1C0446D2C09B91800B30376 /* ReviewView.xib */; };
		D1C0447D2C09BC3500B30376 /* ReviewCollectionViewCell.swift in Sources */ = {isa = PBXBuildFile; fileRef = D1C0447C2C09BC3500B30376 /* ReviewCollectionViewCell.swift */; };
		D1C0447F2C09BC3800B30376 /* ReviewCollectionViewCell.xib in Resources */ = {isa = PBXBuildFile; fileRef = D1C0447E2C09BC3800B30376 /* ReviewCollectionViewCell.xib */; };
		D1C044812C09BC5A00B30376 /* CustomCollectionViewCell.swift in Sources */ = {isa = PBXBuildFile; fileRef = D1C044802C09BC5A00B30376 /* CustomCollectionViewCell.swift */; };
		D1C044832C09BF5D00B30376 /* ReviewModel.swift in Sources */ = {isa = PBXBuildFile; fileRef = D1C044822C09BF5D00B30376 /* ReviewModel.swift */; };
		D1C0448A2C09CB0900B30376 /* ProfileDataProvider.swift in Sources */ = {isa = PBXBuildFile; fileRef = D1C044892C09CB0900B30376 /* ProfileDataProvider.swift */; };
		D1C0448C2C09CB1100B30376 /* ProfileViewController.swift in Sources */ = {isa = PBXBuildFile; fileRef = D1C0448B2C09CB1100B30376 /* ProfileViewController.swift */; };
		D1C0448E2C09CB1400B30376 /* ProfileView.swift in Sources */ = {isa = PBXBuildFile; fileRef = D1C0448D2C09CB1400B30376 /* ProfileView.swift */; };
		D1C044902C09CB1E00B30376 /* ProfileView.xib in Resources */ = {isa = PBXBuildFile; fileRef = D1C0448F2C09CB1E00B30376 /* ProfileView.xib */; };
/* End PBXBuildFile section */

/* Begin PBXFileReference section */
		D106F6DA2C0989E300756905 /* BonusBeans.app */ = {isa = PBXFileReference; explicitFileType = wrapper.application; includeInIndex = 0; path = BonusBeans.app; sourceTree = BUILT_PRODUCTS_DIR; };
		D106F6DD2C0989E300756905 /* AppDelegate.swift */ = {isa = PBXFileReference; lastKnownFileType = sourcecode.swift; path = AppDelegate.swift; sourceTree = "<group>"; };
		D106F6E62C0989E400756905 /* Assets.xcassets */ = {isa = PBXFileReference; lastKnownFileType = folder.assetcatalog; path = Assets.xcassets; sourceTree = "<group>"; };
		D106F6E92C0989E500756905 /* Base */ = {isa = PBXFileReference; lastKnownFileType = file.storyboard; name = Base; path = Base.lproj/LaunchScreen.storyboard; sourceTree = "<group>"; };
		D106F6EB2C0989E500756905 /* Info.plist */ = {isa = PBXFileReference; lastKnownFileType = text.plist.xml; path = Info.plist; sourceTree = "<group>"; };
		D106F6F92C098B2600756905 /* TabBarController.swift */ = {isa = PBXFileReference; lastKnownFileType = sourcecode.swift; path = TabBarController.swift; sourceTree = "<group>"; };
		D106F6FB2C098B4900756905 /* MainCoordinator.swift */ = {isa = PBXFileReference; lastKnownFileType = sourcecode.swift; path = MainCoordinator.swift; sourceTree = "<group>"; };
		D106F6FD2C098B5A00756905 /* ReviewCoordinator.swift */ = {isa = PBXFileReference; lastKnownFileType = sourcecode.swift; path = ReviewCoordinator.swift; sourceTree = "<group>"; };
		D106F6FF2C098B6000756905 /* MapCoordinator.swift */ = {isa = PBXFileReference; lastKnownFileType = sourcecode.swift; path = MapCoordinator.swift; sourceTree = "<group>"; };
		D106F7012C098B6600756905 /* ProfileCoordinator.swift */ = {isa = PBXFileReference; lastKnownFileType = sourcecode.swift; path = ProfileCoordinator.swift; sourceTree = "<group>"; };
		D106F7042C098B8800756905 /* Coordinator.swift */ = {isa = PBXFileReference; lastKnownFileType = sourcecode.swift; path = Coordinator.swift; sourceTree = "<group>"; };
		D106F70B2C098CD300756905 /* UIColor.swift */ = {isa = PBXFileReference; lastKnownFileType = sourcecode.swift; path = UIColor.swift; sourceTree = "<group>"; };
		D106F70D2C098CDB00756905 /* UIImage.swift */ = {isa = PBXFileReference; lastKnownFileType = sourcecode.swift; path = UIImage.swift; sourceTree = "<group>"; };
		D106F7102C098CEE00756905 /* AssetsImage.swift */ = {isa = PBXFileReference; lastKnownFileType = sourcecode.swift; path = AssetsImage.swift; sourceTree = "<group>"; };
		D106F7122C098CF300756905 /* AssetsColor.swift */ = {isa = PBXFileReference; lastKnownFileType = sourcecode.swift; path = AssetsColor.swift; sourceTree = "<group>"; };
		D106F7142C098E8100756905 /* LaunchScreenViewController.swift */ = {isa = PBXFileReference; lastKnownFileType = sourcecode.swift; path = LaunchScreenViewController.swift; sourceTree = "<group>"; };
		D106F7182C098E9F00756905 /* LaunchScreenView.swift */ = {isa = PBXFileReference; lastKnownFileType = sourcecode.swift; path = LaunchScreenView.swift; sourceTree = "<group>"; };
		D106F71A2C098EA300756905 /* LaunchScreenView.xib */ = {isa = PBXFileReference; lastKnownFileType = file.xib; path = LaunchScreenView.xib; sourceTree = "<group>"; };
		D106F71C2C098EFA00756905 /* CustomView.swift */ = {isa = PBXFileReference; lastKnownFileType = sourcecode.swift; path = CustomView.swift; sourceTree = "<group>"; };
		D106F71E2C098F5500756905 /* ViewSpecificController.swift */ = {isa = PBXFileReference; lastKnownFileType = sourcecode.swift; path = ViewSpecificController.swift; sourceTree = "<group>"; };
		D106F7202C098F6D00756905 /* UIView.swift */ = {isa = PBXFileReference; lastKnownFileType = sourcecode.swift; path = UIView.swift; sourceTree = "<group>"; };
		D106F7222C098FAB00756905 /* ReusableView.swift */ = {isa = PBXFileReference; lastKnownFileType = sourcecode.swift; path = ReusableView.swift; sourceTree = "<group>"; };
		D106F7242C09904400756905 /* UINavigationBar.swift */ = {isa = PBXFileReference; lastKnownFileType = sourcecode.swift; path = UINavigationBar.swift; sourceTree = "<group>"; };
		D106F7262C09908E00756905 /* UIViewController.swift */ = {isa = PBXFileReference; lastKnownFileType = sourcecode.swift; path = UIViewController.swift; sourceTree = "<group>"; };
		D106F7282C0992E400756905 /* UITabBarItem.swift */ = {isa = PBXFileReference; lastKnownFileType = sourcecode.swift; path = UITabBarItem.swift; sourceTree = "<group>"; };
		D106F72D2C09933A00756905 /* UIImageView.swift */ = {isa = PBXFileReference; lastKnownFileType = sourcecode.swift; path = UIImageView.swift; sourceTree = "<group>"; };
		D106F72F2C09936600756905 /* HighlightButton.swift */ = {isa = PBXFileReference; lastKnownFileType = sourcecode.swift; path = HighlightButton.swift; sourceTree = "<group>"; };
		D106F7342C0993F000756905 /* AlertViewController.swift */ = {isa = PBXFileReference; lastKnownFileType = sourcecode.swift; path = AlertViewController.swift; sourceTree = "<group>"; };
		D106F7362C09948F00756905 /* String.swift */ = {isa = PBXFileReference; lastKnownFileType = sourcecode.swift; path = String.swift; sourceTree = "<group>"; };
		D106F73C2C0998B400756905 /* ConfirmCodeViewController.swift */ = {isa = PBXFileReference; lastKnownFileType = sourcecode.swift; path = ConfirmCodeViewController.swift; sourceTree = "<group>"; };
		D106F73E2C0998B900756905 /* ConfirmCodeView.swift */ = {isa = PBXFileReference; lastKnownFileType = sourcecode.swift; path = ConfirmCodeView.swift; sourceTree = "<group>"; };
		D106F7402C0998BD00756905 /* ConfirmCodeView.xib */ = {isa = PBXFileReference; lastKnownFileType = file.xib; path = ConfirmCodeView.xib; sourceTree = "<group>"; };
		D10D6B6C2C099D7000A44612 /* OTPFieldView.swift */ = {isa = PBXFileReference; lastKnownFileType = sourcecode.swift; path = OTPFieldView.swift; sourceTree = "<group>"; };
		D10D6B6E2C099D9300A44612 /* OTPTextField.swift */ = {isa = PBXFileReference; lastKnownFileType = sourcecode.swift; path = OTPTextField.swift; sourceTree = "<group>"; };
		D10D6B732C09A26A00A44612 /* MainView.swift */ = {isa = PBXFileReference; lastKnownFileType = sourcecode.swift; path = MainView.swift; sourceTree = "<group>"; };
		D10D6B752C09A27100A44612 /* MainViewController.swift */ = {isa = PBXFileReference; lastKnownFileType = sourcecode.swift; path = MainViewController.swift; sourceTree = "<group>"; };
		D10D6B772C09A27400A44612 /* MainView.xib */ = {isa = PBXFileReference; lastKnownFileType = file.xib; path = MainView.xib; sourceTree = "<group>"; };
		D10D6B7B2C09A2E200A44612 /* KafeTableViewCell.swift */ = {isa = PBXFileReference; lastKnownFileType = sourcecode.swift; path = KafeTableViewCell.swift; sourceTree = "<group>"; };
		D10D6B7D2C09A2E600A44612 /* KafeTableViewCell.xib */ = {isa = PBXFileReference; lastKnownFileType = file.xib; path = KafeTableViewCell.xib; sourceTree = "<group>"; };
		D10D6B7F2C09A2F600A44612 /* CustomTableViewCell.swift */ = {isa = PBXFileReference; lastKnownFileType = sourcecode.swift; path = CustomTableViewCell.swift; sourceTree = "<group>"; };
		D10D6B822C09A45000A44612 /* MainDataProvider.swift */ = {isa = PBXFileReference; lastKnownFileType = sourcecode.swift; path = MainDataProvider.swift; sourceTree = "<group>"; };
		D10D6B852C09A51F00A44612 /* KafeModel.swift */ = {isa = PBXFileReference; lastKnownFileType = sourcecode.swift; path = KafeModel.swift; sourceTree = "<group>"; };
		D1C044672C09B90100B30376 /* ReviewDataProvider.swift */ = {isa = PBXFileReference; lastKnownFileType = sourcecode.swift; path = ReviewDataProvider.swift; sourceTree = "<group>"; };
		D1C044692C09B90800B30376 /* ReviewViewController.swift */ = {isa = PBXFileReference; lastKnownFileType = sourcecode.swift; path = ReviewViewController.swift; sourceTree = "<group>"; };
		D1C0446B2C09B90B00B30376 /* ReviewView.swift */ = {isa = PBXFileReference; lastKnownFileType = sourcecode.swift; path = ReviewView.swift; sourceTree = "<group>"; };
		D1C0446D2C09B91800B30376 /* ReviewView.xib */ = {isa = PBXFileReference; lastKnownFileType = file.xib; path = ReviewView.xib; sourceTree = "<group>"; };
		D1C0447C2C09BC3500B30376 /* ReviewCollectionViewCell.swift */ = {isa = PBXFileReference; lastKnownFileType = sourcecode.swift; path = ReviewCollectionViewCell.swift; sourceTree = "<group>"; };
		D1C0447E2C09BC3800B30376 /* ReviewCollectionViewCell.xib */ = {isa = PBXFileReference; lastKnownFileType = file.xib; path = ReviewCollectionViewCell.xib; sourceTree = "<group>"; };
		D1C044802C09BC5A00B30376 /* CustomCollectionViewCell.swift */ = {isa = PBXFileReference; lastKnownFileType = sourcecode.swift; path = CustomCollectionViewCell.swift; sourceTree = "<group>"; };
		D1C044822C09BF5D00B30376 /* ReviewModel.swift */ = {isa = PBXFileReference; lastKnownFileType = sourcecode.swift; path = ReviewModel.swift; sourceTree = "<group>"; };
		D1C044892C09CB0900B30376 /* ProfileDataProvider.swift */ = {isa = PBXFileReference; lastKnownFileType = sourcecode.swift; path = ProfileDataProvider.swift; sourceTree = "<group>"; };
		D1C0448B2C09CB1100B30376 /* ProfileViewController.swift */ = {isa = PBXFileReference; lastKnownFileType = sourcecode.swift; path = ProfileViewController.swift; sourceTree = "<group>"; };
		D1C0448D2C09CB1400B30376 /* ProfileView.swift */ = {isa = PBXFileReference; lastKnownFileType = sourcecode.swift; path = ProfileView.swift; sourceTree = "<group>"; };
		D1C0448F2C09CB1E00B30376 /* ProfileView.xib */ = {isa = PBXFileReference; lastKnownFileType = file.xib; path = ProfileView.xib; sourceTree = "<group>"; };
/* End PBXFileReference section */

/* Begin PBXFrameworksBuildPhase section */
		D106F6D72C0989E300756905 /* Frameworks */ = {
			isa = PBXFrameworksBuildPhase;
			buildActionMask = 2147483647;
			files = (
				D10D6B6B2C099C9D00A44612 /* KAPinField in Frameworks */,
				D106F72C2C09930200756905 /* SDWebImage in Frameworks */,
				D10D6B682C099C8D00A44612 /* IQKeyboardManagerSwift in Frameworks */,
				D106F7332C0993E700756905 /* SwiftMessages in Frameworks */,
				D106F70A2C098C8800756905 /* Haptica in Frameworks */,
			);
			runOnlyForDeploymentPostprocessing = 0;
		};
/* End PBXFrameworksBuildPhase section */

/* Begin PBXGroup section */
		D106F6D12C0989E300756905 = {
			isa = PBXGroup;
			children = (
				D106F6DC2C0989E300756905 /* BonusBeans */,
				D106F6DB2C0989E300756905 /* Products */,
			);
			sourceTree = "<group>";
		};
		D106F6DB2C0989E300756905 /* Products */ = {
			isa = PBXGroup;
			children = (
				D106F6DA2C0989E300756905 /* BonusBeans.app */,
			);
			name = Products;
			sourceTree = "<group>";
		};
		D106F6DC2C0989E300756905 /* BonusBeans */ = {
			isa = PBXGroup;
			children = (
				D106F6F22C098A7100756905 /* Shared */,
				D106F6F32C098A7800756905 /* Launcsh Screen */,
				D106F6F82C098B1100756905 /* TabBar */,
				D106F6F42C098A8100756905 /* Main */,
				D106F6F52C098A9A00756905 /* Review */,
				D106F6F62C098AA500756905 /* Map */,
				D106F6F72C098AAB00756905 /* Profile */,
				D106F6F12C098A4000756905 /* Resources */,
			);
			path = BonusBeans;
			sourceTree = "<group>";
		};
		D106F6F12C098A4000756905 /* Resources */ = {
			isa = PBXGroup;
			children = (
				D106F6DD2C0989E300756905 /* AppDelegate.swift */,
				D106F6E62C0989E400756905 /* Assets.xcassets */,
				D106F6E82C0989E500756905 /* LaunchScreen.storyboard */,
				D106F6EB2C0989E500756905 /* Info.plist */,
			);
			path = Resources;
			sourceTree = "<group>";
		};
		D106F6F22C098A7100756905 /* Shared */ = {
			isa = PBXGroup;
			children = (
				D10D6B842C09A51800A44612 /* Models */,
				D106F70F2C098CDF00756905 /* Constants */,
				D106F7072C098C6700756905 /* Protocols */,
				D106F7062C098C6100756905 /* Extensions */,
				D106F7032C098B8100756905 /* Classes */,
			);
			path = Shared;
			sourceTree = "<group>";
		};
		D106F6F32C098A7800756905 /* Launcsh Screen */ = {
			isa = PBXGroup;
			children = (
				D106F7382C09989100756905 /* Launch Screen */,
				D106F7392C09989700756905 /* Confirm Code */,
			);
			path = "Launcsh Screen";
			sourceTree = "<group>";
		};
		D106F6F42C098A8100756905 /* Main */ = {
			isa = PBXGroup;
			children = (
				D106F6FB2C098B4900756905 /* MainCoordinator.swift */,
				D10D6B702C09A25A00A44612 /* Main */,
			);
			path = Main;
			sourceTree = "<group>";
		};
		D106F6F52C098A9A00756905 /* Review */ = {
			isa = PBXGroup;
			children = (
				D106F6FD2C098B5A00756905 /* ReviewCoordinator.swift */,
				D1C044612C09B8A000B30376 /* Review */,
			);
			path = Review;
			sourceTree = "<group>";
		};
		D106F6F62C098AA500756905 /* Map */ = {
			isa = PBXGroup;
			children = (
				D106F6FF2C098B6000756905 /* MapCoordinator.swift */,
			);
			path = Map;
			sourceTree = "<group>";
		};
		D106F6F72C098AAB00756905 /* Profile */ = {
			isa = PBXGroup;
			children = (
				D106F7012C098B6600756905 /* ProfileCoordinator.swift */,
				D1C044842C09CAE100B30376 /* Profile */,
			);
			path = Profile;
			sourceTree = "<group>";
		};
		D106F6F82C098B1100756905 /* TabBar */ = {
			isa = PBXGroup;
			children = (
				D106F6F92C098B2600756905 /* TabBarController.swift */,
			);
			path = TabBar;
			sourceTree = "<group>";
		};
		D106F7032C098B8100756905 /* Classes */ = {
			isa = PBXGroup;
			children = (
				D106F7042C098B8800756905 /* Coordinator.swift */,
				D106F71C2C098EFA00756905 /* CustomView.swift */,
				D10D6B6C2C099D7000A44612 /* OTPFieldView.swift */,
				D1C044802C09BC5A00B30376 /* CustomCollectionViewCell.swift */,
				D10D6B6E2C099D9300A44612 /* OTPTextField.swift */,
				D10D6B7F2C09A2F600A44612 /* CustomTableViewCell.swift */,
			);
			path = Classes;
			sourceTree = "<group>";
		};
		D106F7062C098C6100756905 /* Extensions */ = {
			isa = PBXGroup;
			children = (
				D106F70B2C098CD300756905 /* UIColor.swift */,
				D106F70D2C098CDB00756905 /* UIImage.swift */,
				D106F7202C098F6D00756905 /* UIView.swift */,
				D106F7242C09904400756905 /* UINavigationBar.swift */,
				D106F7262C09908E00756905 /* UIViewController.swift */,
				D106F7282C0992E400756905 /* UITabBarItem.swift */,
				D106F72D2C09933A00756905 /* UIImageView.swift */,
				D106F72F2C09936600756905 /* HighlightButton.swift */,
				D106F7362C09948F00756905 /* String.swift */,
			);
			path = Extensions;
			sourceTree = "<group>";
		};
		D106F7072C098C6700756905 /* Protocols */ = {
			isa = PBXGroup;
			children = (
				D106F71E2C098F5500756905 /* ViewSpecificController.swift */,
				D106F7222C098FAB00756905 /* ReusableView.swift */,
				D106F7342C0993F000756905 /* AlertViewController.swift */,
			);
			path = Protocols;
			sourceTree = "<group>";
		};
		D106F70F2C098CDF00756905 /* Constants */ = {
			isa = PBXGroup;
			children = (
				D106F7102C098CEE00756905 /* AssetsImage.swift */,
				D106F7122C098CF300756905 /* AssetsColor.swift */,
			);
			path = Constants;
			sourceTree = "<group>";
		};
		D106F7162C098E8400756905 /* View Controller */ = {
			isa = PBXGroup;
			children = (
				D106F7142C098E8100756905 /* LaunchScreenViewController.swift */,
			);
			path = "View Controller";
			sourceTree = "<group>";
		};
		D106F7172C098E8C00756905 /* View */ = {
			isa = PBXGroup;
			children = (
				D106F7182C098E9F00756905 /* LaunchScreenView.swift */,
				D106F71A2C098EA300756905 /* LaunchScreenView.xib */,
			);
			path = View;
			sourceTree = "<group>";
		};
		D106F7382C09989100756905 /* Launch Screen */ = {
			isa = PBXGroup;
			children = (
				D106F7162C098E8400756905 /* View Controller */,
				D106F7172C098E8C00756905 /* View */,
			);
			path = "Launch Screen";
			sourceTree = "<group>";
		};
		D106F7392C09989700756905 /* Confirm Code */ = {
			isa = PBXGroup;
			children = (
				D106F73B2C0998A800756905 /* View Controller */,
				D106F73A2C0998A500756905 /* View */,
			);
			path = "Confirm Code";
			sourceTree = "<group>";
		};
		D106F73A2C0998A500756905 /* View */ = {
			isa = PBXGroup;
			children = (
				D106F73E2C0998B900756905 /* ConfirmCodeView.swift */,
				D106F7402C0998BD00756905 /* ConfirmCodeView.xib */,
			);
			path = View;
			sourceTree = "<group>";
		};
		D106F73B2C0998A800756905 /* View Controller */ = {
			isa = PBXGroup;
			children = (
				D106F73C2C0998B400756905 /* ConfirmCodeViewController.swift */,
			);
			path = "View Controller";
			sourceTree = "<group>";
		};
		D10D6B702C09A25A00A44612 /* Main */ = {
			isa = PBXGroup;
			children = (
				D10D6B812C09A44800A44612 /* Data Provider */,
				D10D6B722C09A26400A44612 /* View Controller */,
				D10D6B712C09A25D00A44612 /* View */,
			);
			path = Main;
			sourceTree = "<group>";
		};
		D10D6B712C09A25D00A44612 /* View */ = {
			isa = PBXGroup;
			children = (
				D10D6B792C09A2C800A44612 /* Root View */,
				D10D6B7A2C09A2D000A44612 /* Cell */,
			);
			path = View;
			sourceTree = "<group>";
		};
		D10D6B722C09A26400A44612 /* View Controller */ = {
			isa = PBXGroup;
			children = (
				D10D6B752C09A27100A44612 /* MainViewController.swift */,
			);
			path = "View Controller";
			sourceTree = "<group>";
		};
		D10D6B792C09A2C800A44612 /* Root View */ = {
			isa = PBXGroup;
			children = (
				D10D6B732C09A26A00A44612 /* MainView.swift */,
				D10D6B772C09A27400A44612 /* MainView.xib */,
			);
			path = "Root View";
			sourceTree = "<group>";
		};
		D10D6B7A2C09A2D000A44612 /* Cell */ = {
			isa = PBXGroup;
			children = (
				D10D6B7B2C09A2E200A44612 /* KafeTableViewCell.swift */,
				D10D6B7D2C09A2E600A44612 /* KafeTableViewCell.xib */,
			);
			path = Cell;
			sourceTree = "<group>";
		};
		D10D6B812C09A44800A44612 /* Data Provider */ = {
			isa = PBXGroup;
			children = (
				D10D6B822C09A45000A44612 /* MainDataProvider.swift */,
			);
			path = "Data Provider";
			sourceTree = "<group>";
		};
		D10D6B842C09A51800A44612 /* Models */ = {
			isa = PBXGroup;
			children = (
				D10D6B852C09A51F00A44612 /* KafeModel.swift */,
				D1C044822C09BF5D00B30376 /* ReviewModel.swift */,
			);
			path = Models;
			sourceTree = "<group>";
		};
		D1C044612C09B8A000B30376 /* Review */ = {
			isa = PBXGroup;
			children = (
				D1C044662C09B8F000B30376 /* Data Provider */,
				D1C044652C09B8EC00B30376 /* View Controller */,
				D1C044622C09B8DC00B30376 /* View */,
			);
			path = Review;
			sourceTree = "<group>";
		};
		D1C044622C09B8DC00B30376 /* View */ = {
			isa = PBXGroup;
			children = (
				D1C044642C09B8E400B30376 /* Root View */,
				D1C044632C09B8E100B30376 /* Cell */,
			);
			path = View;
			sourceTree = "<group>";
		};
		D1C044632C09B8E100B30376 /* Cell */ = {
			isa = PBXGroup;
			children = (
				D1C0447C2C09BC3500B30376 /* ReviewCollectionViewCell.swift */,
				D1C0447E2C09BC3800B30376 /* ReviewCollectionViewCell.xib */,
			);
			path = Cell;
			sourceTree = "<group>";
		};
		D1C044642C09B8E400B30376 /* Root View */ = {
			isa = PBXGroup;
			children = (
				D1C0446B2C09B90B00B30376 /* ReviewView.swift */,
				D1C0446D2C09B91800B30376 /* ReviewView.xib */,
			);
			path = "Root View";
			sourceTree = "<group>";
		};
		D1C044652C09B8EC00B30376 /* View Controller */ = {
			isa = PBXGroup;
			children = (
				D1C044692C09B90800B30376 /* ReviewViewController.swift */,
			);
			path = "View Controller";
			sourceTree = "<group>";
		};
		D1C044662C09B8F000B30376 /* Data Provider */ = {
			isa = PBXGroup;
			children = (
				D1C044672C09B90100B30376 /* ReviewDataProvider.swift */,
			);
			path = "Data Provider";
			sourceTree = "<group>";
		};
		D1C044842C09CAE100B30376 /* Profile */ = {
			isa = PBXGroup;
			children = (
				D1C044872C09CAED00B30376 /* Data Provider */,
				D1C044862C09CAEA00B30376 /* View Controller */,
				D1C044852C09CAE500B30376 /* View */,
			);
			path = Profile;
			sourceTree = "<group>";
		};
		D1C044852C09CAE500B30376 /* View */ = {
			isa = PBXGroup;
			children = (
				D1C044882C09CAF500B30376 /* Root View */,
			);
			path = View;
			sourceTree = "<group>";
		};
		D1C044862C09CAEA00B30376 /* View Controller */ = {
			isa = PBXGroup;
			children = (
				D1C0448B2C09CB1100B30376 /* ProfileViewController.swift */,
			);
			path = "View Controller";
			sourceTree = "<group>";
		};
		D1C044872C09CAED00B30376 /* Data Provider */ = {
			isa = PBXGroup;
			children = (
				D1C044892C09CB0900B30376 /* ProfileDataProvider.swift */,
			);
			path = "Data Provider";
			sourceTree = "<group>";
		};
		D1C044882C09CAF500B30376 /* Root View */ = {
			isa = PBXGroup;
			children = (
				D1C0448D2C09CB1400B30376 /* ProfileView.swift */,
				D1C0448F2C09CB1E00B30376 /* ProfileView.xib */,
			);
			path = "Root View";
			sourceTree = "<group>";
		};
/* End PBXGroup section */

/* Begin PBXNativeTarget section */
		D106F6D92C0989E300756905 /* BonusBeans */ = {
			isa = PBXNativeTarget;
			buildConfigurationList = D106F6EE2C0989E500756905 /* Build configuration list for PBXNativeTarget "BonusBeans" */;
			buildPhases = (
				D106F6D62C0989E300756905 /* Sources */,
				D106F6D72C0989E300756905 /* Frameworks */,
				D106F6D82C0989E300756905 /* Resources */,
			);
			buildRules = (
			);
			dependencies = (
			);
			name = BonusBeans;
			packageProductDependencies = (
				D106F7092C098C8800756905 /* Haptica */,
				D106F72B2C09930200756905 /* SDWebImage */,
				D106F7322C0993E700756905 /* SwiftMessages */,
				D10D6B672C099C8D00A44612 /* IQKeyboardManagerSwift */,
				D10D6B6A2C099C9D00A44612 /* KAPinField */,
			);
			productName = BonusBeans;
			productReference = D106F6DA2C0989E300756905 /* BonusBeans.app */;
			productType = "com.apple.product-type.application";
		};
/* End PBXNativeTarget section */

/* Begin PBXProject section */
		D106F6D22C0989E300756905 /* Project object */ = {
			isa = PBXProject;
			attributes = {
				BuildIndependentTargetsInParallel = 1;
				LastSwiftUpdateCheck = 1530;
				LastUpgradeCheck = 1530;
				TargetAttributes = {
					D106F6D92C0989E300756905 = {
						CreatedOnToolsVersion = 15.3;
					};
				};
			};
			buildConfigurationList = D106F6D52C0989E300756905 /* Build configuration list for PBXProject "BonusBeans" */;
			compatibilityVersion = "Xcode 14.0";
			developmentRegion = en;
			hasScannedForEncodings = 0;
			knownRegions = (
				en,
				Base,
			);
			mainGroup = D106F6D12C0989E300756905;
			packageReferences = (
				D106F7082C098C8800756905 /* XCRemoteSwiftPackageReference "Haptica" */,
				D106F72A2C09930200756905 /* XCRemoteSwiftPackageReference "SDWebImage" */,
				D106F7312C0993E700756905 /* XCRemoteSwiftPackageReference "SwiftMessages" */,
				D10D6B662C099C8D00A44612 /* XCRemoteSwiftPackageReference "IQKeyboardManager" */,
				D10D6B692C099C9D00A44612 /* XCRemoteSwiftPackageReference "KAPinField" */,
			);
			productRefGroup = D106F6DB2C0989E300756905 /* Products */;
			projectDirPath = "";
			projectRoot = "";
			targets = (
				D106F6D92C0989E300756905 /* BonusBeans */,
			);
		};
/* End PBXProject section */

/* Begin PBXResourcesBuildPhase section */
		D106F6D82C0989E300756905 /* Resources */ = {
			isa = PBXResourcesBuildPhase;
			buildActionMask = 2147483647;
			files = (
				D10D6B7E2C09A2E600A44612 /* KafeTableViewCell.xib in Resources */,
				D106F7412C0998BD00756905 /* ConfirmCodeView.xib in Resources */,
				D106F6E72C0989E500756905 /* Assets.xcassets in Resources */,
				D106F71B2C098EA300756905 /* LaunchScreenView.xib in Resources */,
				D1C0446E2C09B91800B30376 /* ReviewView.xib in Resources */,
				D1C044902C09CB1E00B30376 /* ProfileView.xib in Resources */,
				D106F6EA2C0989E500756905 /* Base in Resources */,
				D1C0447F2C09BC3800B30376 /* ReviewCollectionViewCell.xib in Resources */,
				D10D6B782C09A27400A44612 /* MainView.xib in Resources */,
			);
			runOnlyForDeploymentPostprocessing = 0;
		};
/* End PBXResourcesBuildPhase section */

/* Begin PBXSourcesBuildPhase section */
		D106F6D62C0989E300756905 /* Sources */ = {
			isa = PBXSourcesBuildPhase;
			buildActionMask = 2147483647;
			files = (
				D106F7212C098F6D00756905 /* UIView.swift in Sources */,
				D10D6B6F2C099D9300A44612 /* OTPTextField.swift in Sources */,
				D106F7232C098FAB00756905 /* ReusableView.swift in Sources */,
				D106F6FE2C098B5A00756905 /* ReviewCoordinator.swift in Sources */,
				D1C0447D2C09BC3500B30376 /* ReviewCollectionViewCell.swift in Sources */,
				D106F7272C09908E00756905 /* UIViewController.swift in Sources */,
				D106F7192C098E9F00756905 /* LaunchScreenView.swift in Sources */,
				D106F6FC2C098B4900756905 /* MainCoordinator.swift in Sources */,
				D106F7372C09948F00756905 /* String.swift in Sources */,
				D106F73D2C0998B400756905 /* ConfirmCodeViewController.swift in Sources */,
				D10D6B762C09A27100A44612 /* MainViewController.swift in Sources */,
				D106F73F2C0998B900756905 /* ConfirmCodeView.swift in Sources */,
				D106F71D2C098EFA00756905 /* CustomView.swift in Sources */,
				D1C0448E2C09CB1400B30376 /* ProfileView.swift in Sources */,
				D106F6DE2C0989E300756905 /* AppDelegate.swift in Sources */,
				D106F7132C098CF300756905 /* AssetsColor.swift in Sources */,
				D1C044832C09BF5D00B30376 /* ReviewModel.swift in Sources */,
				D10D6B7C2C09A2E200A44612 /* KafeTableViewCell.swift in Sources */,
				D1C044812C09BC5A00B30376 /* CustomCollectionViewCell.swift in Sources */,
				D1C0448C2C09CB1100B30376 /* ProfileViewController.swift in Sources */,
				D106F7002C098B6000756905 /* MapCoordinator.swift in Sources */,
				D10D6B6D2C099D7000A44612 /* OTPFieldView.swift in Sources */,
				D106F7112C098CEE00756905 /* AssetsImage.swift in Sources */,
				D10D6B802C09A2F600A44612 /* CustomTableViewCell.swift in Sources */,
				D1C044682C09B90100B30376 /* ReviewDataProvider.swift in Sources */,
				D106F7352C0993F000756905 /* AlertViewController.swift in Sources */,
				D106F7022C098B6600756905 /* ProfileCoordinator.swift in Sources */,
				D106F70C2C098CD300756905 /* UIColor.swift in Sources */,
				D106F70E2C098CDB00756905 /* UIImage.swift in Sources */,
				D106F6FA2C098B2600756905 /* TabBarController.swift in Sources */,
				D10D6B862C09A51F00A44612 /* KafeModel.swift in Sources */,
				D1C0446A2C09B90800B30376 /* ReviewViewController.swift in Sources */,
				D106F71F2C098F5500756905 /* ViewSpecificController.swift in Sources */,
				D106F72E2C09933A00756905 /* UIImageView.swift in Sources */,
				D106F7252C09904400756905 /* UINavigationBar.swift in Sources */,
				D106F7152C098E8100756905 /* LaunchScreenViewController.swift in Sources */,
				D10D6B742C09A26A00A44612 /* MainView.swift in Sources */,
				D1C0448A2C09CB0900B30376 /* ProfileDataProvider.swift in Sources */,
				D106F7292C0992E400756905 /* UITabBarItem.swift in Sources */,
				D106F7302C09936600756905 /* HighlightButton.swift in Sources */,
				D1C0446C2C09B90B00B30376 /* ReviewView.swift in Sources */,
				D106F7052C098B8800756905 /* Coordinator.swift in Sources */,
				D10D6B832C09A45000A44612 /* MainDataProvider.swift in Sources */,
			);
			runOnlyForDeploymentPostprocessing = 0;
		};
/* End PBXSourcesBuildPhase section */

/* Begin PBXVariantGroup section */
		D106F6E82C0989E500756905 /* LaunchScreen.storyboard */ = {
			isa = PBXVariantGroup;
			children = (
				D106F6E92C0989E500756905 /* Base */,
			);
			name = LaunchScreen.storyboard;
			sourceTree = "<group>";
		};
/* End PBXVariantGroup section */

/* Begin XCBuildConfiguration section */
		D106F6EC2C0989E500756905 /* Debug */ = {
			isa = XCBuildConfiguration;
			buildSettings = {
				ALWAYS_SEARCH_USER_PATHS = NO;
				ASSETCATALOG_COMPILER_GENERATE_SWIFT_ASSET_SYMBOL_EXTENSIONS = YES;
				CLANG_ANALYZER_NONNULL = YES;
				CLANG_ANALYZER_NUMBER_OBJECT_CONVERSION = YES_AGGRESSIVE;
				CLANG_CXX_LANGUAGE_STANDARD = "gnu++20";
				CLANG_ENABLE_MODULES = YES;
				CLANG_ENABLE_OBJC_ARC = YES;
				CLANG_ENABLE_OBJC_WEAK = YES;
				CLANG_WARN_BLOCK_CAPTURE_AUTORELEASING = YES;
				CLANG_WARN_BOOL_CONVERSION = YES;
				CLANG_WARN_COMMA = YES;
				CLANG_WARN_CONSTANT_CONVERSION = YES;
				CLANG_WARN_DEPRECATED_OBJC_IMPLEMENTATIONS = YES;
				CLANG_WARN_DIRECT_OBJC_ISA_USAGE = YES_ERROR;
				CLANG_WARN_DOCUMENTATION_COMMENTS = YES;
				CLANG_WARN_EMPTY_BODY = YES;
				CLANG_WARN_ENUM_CONVERSION = YES;
				CLANG_WARN_INFINITE_RECURSION = YES;
				CLANG_WARN_INT_CONVERSION = YES;
				CLANG_WARN_NON_LITERAL_NULL_CONVERSION = YES;
				CLANG_WARN_OBJC_IMPLICIT_RETAIN_SELF = YES;
				CLANG_WARN_OBJC_LITERAL_CONVERSION = YES;
				CLANG_WARN_OBJC_ROOT_CLASS = YES_ERROR;
				CLANG_WARN_QUOTED_INCLUDE_IN_FRAMEWORK_HEADER = YES;
				CLANG_WARN_RANGE_LOOP_ANALYSIS = YES;
				CLANG_WARN_STRICT_PROTOTYPES = YES;
				CLANG_WARN_SUSPICIOUS_MOVE = YES;
				CLANG_WARN_UNGUARDED_AVAILABILITY = YES_AGGRESSIVE;
				CLANG_WARN_UNREACHABLE_CODE = YES;
				CLANG_WARN__DUPLICATE_METHOD_MATCH = YES;
				COPY_PHASE_STRIP = NO;
				DEBUG_INFORMATION_FORMAT = dwarf;
				ENABLE_STRICT_OBJC_MSGSEND = YES;
				ENABLE_TESTABILITY = YES;
				ENABLE_USER_SCRIPT_SANDBOXING = YES;
				GCC_C_LANGUAGE_STANDARD = gnu17;
				GCC_DYNAMIC_NO_PIC = NO;
				GCC_NO_COMMON_BLOCKS = YES;
				GCC_OPTIMIZATION_LEVEL = 0;
				GCC_PREPROCESSOR_DEFINITIONS = (
					"DEBUG=1",
					"$(inherited)",
				);
				GCC_WARN_64_TO_32_BIT_CONVERSION = YES;
				GCC_WARN_ABOUT_RETURN_TYPE = YES_ERROR;
				GCC_WARN_UNDECLARED_SELECTOR = YES;
				GCC_WARN_UNINITIALIZED_AUTOS = YES_AGGRESSIVE;
				GCC_WARN_UNUSED_FUNCTION = YES;
				GCC_WARN_UNUSED_VARIABLE = YES;
				IPHONEOS_DEPLOYMENT_TARGET = 13.0;
				LOCALIZATION_PREFERS_STRING_CATALOGS = YES;
				MTL_ENABLE_DEBUG_INFO = INCLUDE_SOURCE;
				MTL_FAST_MATH = YES;
				ONLY_ACTIVE_ARCH = YES;
				SDKROOT = iphoneos;
				SWIFT_ACTIVE_COMPILATION_CONDITIONS = "DEBUG $(inherited)";
				SWIFT_OPTIMIZATION_LEVEL = "-Onone";
			};
			name = Debug;
		};
		D106F6ED2C0989E500756905 /* Release */ = {
			isa = XCBuildConfiguration;
			buildSettings = {
				ALWAYS_SEARCH_USER_PATHS = NO;
				ASSETCATALOG_COMPILER_GENERATE_SWIFT_ASSET_SYMBOL_EXTENSIONS = YES;
				CLANG_ANALYZER_NONNULL = YES;
				CLANG_ANALYZER_NUMBER_OBJECT_CONVERSION = YES_AGGRESSIVE;
				CLANG_CXX_LANGUAGE_STANDARD = "gnu++20";
				CLANG_ENABLE_MODULES = YES;
				CLANG_ENABLE_OBJC_ARC = YES;
				CLANG_ENABLE_OBJC_WEAK = YES;
				CLANG_WARN_BLOCK_CAPTURE_AUTORELEASING = YES;
				CLANG_WARN_BOOL_CONVERSION = YES;
				CLANG_WARN_COMMA = YES;
				CLANG_WARN_CONSTANT_CONVERSION = YES;
				CLANG_WARN_DEPRECATED_OBJC_IMPLEMENTATIONS = YES;
				CLANG_WARN_DIRECT_OBJC_ISA_USAGE = YES_ERROR;
				CLANG_WARN_DOCUMENTATION_COMMENTS = YES;
				CLANG_WARN_EMPTY_BODY = YES;
				CLANG_WARN_ENUM_CONVERSION = YES;
				CLANG_WARN_INFINITE_RECURSION = YES;
				CLANG_WARN_INT_CONVERSION = YES;
				CLANG_WARN_NON_LITERAL_NULL_CONVERSION = YES;
				CLANG_WARN_OBJC_IMPLICIT_RETAIN_SELF = YES;
				CLANG_WARN_OBJC_LITERAL_CONVERSION = YES;
				CLANG_WARN_OBJC_ROOT_CLASS = YES_ERROR;
				CLANG_WARN_QUOTED_INCLUDE_IN_FRAMEWORK_HEADER = YES;
				CLANG_WARN_RANGE_LOOP_ANALYSIS = YES;
				CLANG_WARN_STRICT_PROTOTYPES = YES;
				CLANG_WARN_SUSPICIOUS_MOVE = YES;
				CLANG_WARN_UNGUARDED_AVAILABILITY = YES_AGGRESSIVE;
				CLANG_WARN_UNREACHABLE_CODE = YES;
				CLANG_WARN__DUPLICATE_METHOD_MATCH = YES;
				COPY_PHASE_STRIP = NO;
				DEBUG_INFORMATION_FORMAT = "dwarf-with-dsym";
				ENABLE_NS_ASSERTIONS = NO;
				ENABLE_STRICT_OBJC_MSGSEND = YES;
				ENABLE_USER_SCRIPT_SANDBOXING = YES;
				GCC_C_LANGUAGE_STANDARD = gnu17;
				GCC_NO_COMMON_BLOCKS = YES;
				GCC_WARN_64_TO_32_BIT_CONVERSION = YES;
				GCC_WARN_ABOUT_RETURN_TYPE = YES_ERROR;
				GCC_WARN_UNDECLARED_SELECTOR = YES;
				GCC_WARN_UNINITIALIZED_AUTOS = YES_AGGRESSIVE;
				GCC_WARN_UNUSED_FUNCTION = YES;
				GCC_WARN_UNUSED_VARIABLE = YES;
				IPHONEOS_DEPLOYMENT_TARGET = 13.0;
				LOCALIZATION_PREFERS_STRING_CATALOGS = YES;
				MTL_ENABLE_DEBUG_INFO = NO;
				MTL_FAST_MATH = YES;
				SDKROOT = iphoneos;
				SWIFT_COMPILATION_MODE = wholemodule;
				VALIDATE_PRODUCT = YES;
			};
			name = Release;
		};
		D106F6EF2C0989E500756905 /* Debug */ = {
			isa = XCBuildConfiguration;
			buildSettings = {
				ASSETCATALOG_COMPILER_APPICON_NAME = AppIcon;
				ASSETCATALOG_COMPILER_GLOBAL_ACCENT_COLOR_NAME = AccentColor;
				CODE_SIGN_STYLE = Automatic;
				CURRENT_PROJECT_VERSION = 1;
				DEVELOPMENT_TEAM = G82BQXGANZ;
				GENERATE_INFOPLIST_FILE = YES;
				INFOPLIST_FILE = BonusBeans/Resources/Info.plist;
				INFOPLIST_KEY_UIApplicationSupportsIndirectInputEvents = YES;
				INFOPLIST_KEY_UILaunchStoryboardName = LaunchScreen;
				INFOPLIST_KEY_UIRequiresFullScreen = NO;
				INFOPLIST_KEY_UIStatusBarStyle = UIStatusBarStyleLightContent;
				INFOPLIST_KEY_UISupportedInterfaceOrientations_iPad = "UIInterfaceOrientationPortrait UIInterfaceOrientationPortraitUpsideDown UIInterfaceOrientationLandscapeLeft UIInterfaceOrientationLandscapeRight";
				INFOPLIST_KEY_UISupportedInterfaceOrientations_iPhone = "UIInterfaceOrientationPortrait UIInterfaceOrientationLandscapeLeft UIInterfaceOrientationLandscapeRight";
				INFOPLIST_KEY_UIUserInterfaceStyle = Light;
				LD_RUNPATH_SEARCH_PATHS = (
					"$(inherited)",
					"@executable_path/Frameworks",
				);
				MARKETING_VERSION = 1.0;
				PRODUCT_BUNDLE_IDENTIFIER = com.negative.BonusBeans;
				PRODUCT_NAME = "$(TARGET_NAME)";
				SWIFT_EMIT_LOC_STRINGS = YES;
				SWIFT_VERSION = 5.0;
				TARGETED_DEVICE_FAMILY = "1,2";
			};
			name = Debug;
		};
		D106F6F02C0989E500756905 /* Release */ = {
			isa = XCBuildConfiguration;
			buildSettings = {
				ASSETCATALOG_COMPILER_APPICON_NAME = AppIcon;
				ASSETCATALOG_COMPILER_GLOBAL_ACCENT_COLOR_NAME = AccentColor;
				CODE_SIGN_STYLE = Automatic;
				CURRENT_PROJECT_VERSION = 1;
				DEVELOPMENT_TEAM = G82BQXGANZ;
				GENERATE_INFOPLIST_FILE = YES;
				INFOPLIST_FILE = BonusBeans/Resources/Info.plist;
				INFOPLIST_KEY_UIApplicationSupportsIndirectInputEvents = YES;
				INFOPLIST_KEY_UILaunchStoryboardName = LaunchScreen;
				INFOPLIST_KEY_UIRequiresFullScreen = NO;
				INFOPLIST_KEY_UIStatusBarStyle = UIStatusBarStyleLightContent;
				INFOPLIST_KEY_UISupportedInterfaceOrientations_iPad = "UIInterfaceOrientationPortrait UIInterfaceOrientationPortraitUpsideDown UIInterfaceOrientationLandscapeLeft UIInterfaceOrientationLandscapeRight";
				INFOPLIST_KEY_UISupportedInterfaceOrientations_iPhone = "UIInterfaceOrientationPortrait UIInterfaceOrientationLandscapeLeft UIInterfaceOrientationLandscapeRight";
				INFOPLIST_KEY_UIUserInterfaceStyle = Light;
				LD_RUNPATH_SEARCH_PATHS = (
					"$(inherited)",
					"@executable_path/Frameworks",
				);
				MARKETING_VERSION = 1.0;
				PRODUCT_BUNDLE_IDENTIFIER = com.negative.BonusBeans;
				PRODUCT_NAME = "$(TARGET_NAME)";
				SWIFT_EMIT_LOC_STRINGS = YES;
				SWIFT_VERSION = 5.0;
				TARGETED_DEVICE_FAMILY = "1,2";
			};
			name = Release;
		};
/* End XCBuildConfiguration section */

/* Begin XCConfigurationList section */
		D106F6D52C0989E300756905 /* Build configuration list for PBXProject "BonusBeans" */ = {
			isa = XCConfigurationList;
			buildConfigurations = (
				D106F6EC2C0989E500756905 /* Debug */,
				D106F6ED2C0989E500756905 /* Release */,
			);
			defaultConfigurationIsVisible = 0;
			defaultConfigurationName = Release;
		};
		D106F6EE2C0989E500756905 /* Build configuration list for PBXNativeTarget "BonusBeans" */ = {
			isa = XCConfigurationList;
			buildConfigurations = (
				D106F6EF2C0989E500756905 /* Debug */,
				D106F6F02C0989E500756905 /* Release */,
			);
			defaultConfigurationIsVisible = 0;
			defaultConfigurationName = Release;
		};
/* End XCConfigurationList section */

/* Begin XCRemoteSwiftPackageReference section */
		D106F7082C098C8800756905 /* XCRemoteSwiftPackageReference "Haptica" */ = {
			isa = XCRemoteSwiftPackageReference;
			repositoryURL = "https://github.com/efremidze/Haptica";
			requirement = {
				kind = upToNextMajorVersion;
				minimumVersion = 3.0.3;
			};
		};
		D106F72A2C09930200756905 /* XCRemoteSwiftPackageReference "SDWebImage" */ = {
			isa = XCRemoteSwiftPackageReference;
			repositoryURL = "https://github.com/SDWebImage/SDWebImage.git";
			requirement = {
				kind = upToNextMajorVersion;
				minimumVersion = 5.19.3;
			};
		};
		D106F7312C0993E700756905 /* XCRemoteSwiftPackageReference "SwiftMessages" */ = {
			isa = XCRemoteSwiftPackageReference;
			repositoryURL = "https://github.com/SwiftKickMobile/SwiftMessages";
			requirement = {
				kind = upToNextMajorVersion;
				minimumVersion = 9.0.0;
			};
		};
		D10D6B662C099C8D00A44612 /* XCRemoteSwiftPackageReference "IQKeyboardManager" */ = {
			isa = XCRemoteSwiftPackageReference;
			repositoryURL = "https://github.com/hackiftekhar/IQKeyboardManager.git";
			requirement = {
				kind = upToNextMajorVersion;
				minimumVersion = 7.0.3;
			};
		};
		D10D6B692C099C9D00A44612 /* XCRemoteSwiftPackageReference "KAPinField" */ = {
			isa = XCRemoteSwiftPackageReference;
			repositoryURL = "https://github.com/alexiscreuzot/KAPinField";
			requirement = {
				kind = upToNextMajorVersion;
				minimumVersion = 5.0.3;
			};
		};
/* End XCRemoteSwiftPackageReference section */

/* Begin XCSwiftPackageProductDependency section */
		D106F7092C098C8800756905 /* Haptica */ = {
			isa = XCSwiftPackageProductDependency;
			package = D106F7082C098C8800756905 /* XCRemoteSwiftPackageReference "Haptica" */;
			productName = Haptica;
		};
		D106F72B2C09930200756905 /* SDWebImage */ = {
			isa = XCSwiftPackageProductDependency;
			package = D106F72A2C09930200756905 /* XCRemoteSwiftPackageReference "SDWebImage" */;
			productName = SDWebImage;
		};
		D106F7322C0993E700756905 /* SwiftMessages */ = {
			isa = XCSwiftPackageProductDependency;
			package = D106F7312C0993E700756905 /* XCRemoteSwiftPackageReference "SwiftMessages" */;
			productName = SwiftMessages;
		};
		D10D6B672C099C8D00A44612 /* IQKeyboardManagerSwift */ = {
			isa = XCSwiftPackageProductDependency;
			package = D10D6B662C099C8D00A44612 /* XCRemoteSwiftPackageReference "IQKeyboardManager" */;
			productName = IQKeyboardManagerSwift;
		};
		D10D6B6A2C099C9D00A44612 /* KAPinField */ = {
			isa = XCSwiftPackageProductDependency;
			package = D10D6B692C099C9D00A44612 /* XCRemoteSwiftPackageReference "KAPinField" */;
			productName = KAPinField;
		};
/* End XCSwiftPackageProductDependency section */
	};
	rootObject = D106F6D22C0989E300756905 /* Project object */;
}
